
Microsoft Visual Studio Solution File, Format Version 9.00
# Visual Studio 2005
Project("{E24C65DC-7377-472B-9ABA-BC803B73C61A}") = "E:\...\Eccentric\", "E:\achari\vikram\Eccentric\", "{078B5A95-0906-4068-A9E6-4A7135AD73B2}"
	ProjectSection(WebsiteProperties) = preProject
		Debug.AspNetCompiler.VirtualPath = "/Eccentric"
		Debug.AspNetCompiler.PhysicalPath = "E:\achari\vikram\Eccentric\"
		Debug.AspNetCompiler.TargetPath = "PrecompiledWeb\Eccentric\"
		Debug.AspNetCompiler.Updateable = "true"
		Debug.AspNetCompiler.ForceOverwrite = "true"
		Debug.AspNetCompiler.FixedNames = "false"
		Debug.AspNetCompiler.Debug = "True"
		Release.AspNetCompiler.VirtualPath = "/Eccentric"
		Release.AspNetCompiler.PhysicalPath = "E:\achari\vikram\Eccentric\"
		Release.AspNetCompiler.TargetPath = "PrecompiledWeb\Eccentric\"
		Release.AspNetCompiler.Updateable = "true"
		Release.AspNetCompiler.ForceOverwrite = "true"
		Release.AspNetCompiler.FixedNames = "false"
		Release.AspNetCompiler.Debug = "False"
		VWDPort = "1044"
	EndProjectSection
EndProject
Global
	GlobalSection(SolutionConfigurationPlatforms) = preSolution
		Debug|.NET = Debug|.NET
	EndGlobalSection
	GlobalSection(ProjectConfigurationPlatforms) = postSolution
		{078B5A95-0906-4068-A9E6-4A7135AD73B2}.Debug|.NET.ActiveCfg = Debug|.NET
		{078B5A95-0906-4068-A9E6-4A7135AD73B2}.Debug|.NET.Build.0 = Debug|.NET
	EndGlobalSection
	GlobalSection(SolutionProperties) = preSolution
		HideSolutionNode = FALSE
	EndGlobalSection
EndGlobal
